{
  "originHash" : "e2a29c8f2e30c0ef0721a713023b8da47fdf003883e6e344e17b1f9aca527f02",
  "pins" : [
    {
      "identity" : "ziparchive",
      "kind" : "remoteSourceControl",
      "location" : "https://github.com/ZipArchive/ZipArchive.git",
      "state" : {
        "revision" : "38e0ce0598e06b034271f296a8e15b149c91aa19",
        "version" : "2.4.3"
      }
    }
  ],
  "version" : 3
}
